
Microsoft Visual Studio Solution File, Format Version 12.00
# Visual Studio Version 17
VisualStudioVersion = 17.7.34031.279
MinimumVisualStudioVersion = 10.0.40219.1
Project("{FAE04EC0-301F-11D3-BF4B-00C04F79EFBC}") = "01ArrayList", "01ArrayList\01ArrayList.csproj", "{68426598-757D-44FC-A791-97693468E62D}"
EndProject
Project("{9A19103F-16F7-4668-BE54-9A1E7A4F7556}") = "03-bitarray", "03-bitarray\03-bitarray.csproj", "{D0A11F64-E4F0-4E53-9609-CD094ABD39CA}"
EndProject
Project("{9A19103F-16F7-4668-BE54-9A1E7A4F7556}") = "05-hashtable", "05-hashtable\05-hashtable.csproj", "{21845DC9-9E1D-4ABB-9611-209BEC1CA827}"
EndProject
Project("{9A19103F-16F7-4668-BE54-9A1E7A4F7556}") = "07-Queue", "07-Queue\07-Queue.csproj", "{127EACEC-1B5A-4481-9B4E-9EC662C3F698}"
EndProject
Project("{9A19103F-16F7-4668-BE54-9A1E7A4F7556}") = "8-sortedlist", "8-sortedlist\8-sortedlist.csproj", "{82FD9138-BA83-4974-B449-5D45F3D16027}"
EndProject
Project("{9A19103F-16F7-4668-BE54-9A1E7A4F7556}") = "9-stack", "9-stack\9-stack.csproj", "{A38018FC-47B1-40BF-8D7F-B8A2B115AD6E}"
EndProject
Project("{9A19103F-16F7-4668-BE54-9A1E7A4F7556}") = "10-colecciones-genericas-parte1", "10-colecciones-genericas-parte1\10-colecciones-genericas-parte1.csproj", "{B185D89E-F92B-4C62-B604-0773326A08C1}"
EndProject
Project("{9A19103F-16F7-4668-BE54-9A1E7A4F7556}") = "11-lista-generica-I", "11-lista-generica-I\11-lista-generica-I.csproj", "{AC375A87-9351-462E-8BE8-B92BCE763B97}"
EndProject
Project("{9A19103F-16F7-4668-BE54-9A1E7A4F7556}") = "13-stack-queue-genericos", "13-stack-queue-genericos\13-stack-queue-genericos.csproj", "{5A44DD85-0349-4E2C-9E8C-D60A766328FB}"
EndProject
Project("{9A19103F-16F7-4668-BE54-9A1E7A4F7556}") = "14-sortedSetGenerico", "14-sortedSetGenerico\14-sortedSetGenerico.csproj", "{B08AFC47-73FA-4E2A-BB77-A63A2913E4B6}"
EndProject
Project("{9A19103F-16F7-4668-BE54-9A1E7A4F7556}") = "15_VarNulleable", "15_VarNulleable\15_VarNulleable.csproj", "{46A64DE4-2761-474C-88AB-F838D609A4F6}"
EndProject
Project("{FAE04EC0-301F-11D3-BF4B-00C04F79EFBC}") = "15_Dynamic", "15_Dynamic\15_Dynamic.csproj", "{5DD6AEE3-4A64-49CC-9341-B99A6F8CDD16}"
EndProject
Global
	GlobalSection(SolutionConfigurationPlatforms) = preSolution
		Debug|Any CPU = Debug|Any CPU
		Release|Any CPU = Release|Any CPU
	EndGlobalSection
	GlobalSection(ProjectConfigurationPlatforms) = postSolution
		{68426598-757D-44FC-A791-97693468E62D}.Debug|Any CPU.ActiveCfg = Debug|Any CPU
		{68426598-757D-44FC-A791-97693468E62D}.Debug|Any CPU.Build.0 = Debug|Any CPU
		{68426598-757D-44FC-A791-97693468E62D}.Release|Any CPU.ActiveCfg = Release|Any CPU
		{68426598-757D-44FC-A791-97693468E62D}.Release|Any CPU.Build.0 = Release|Any CPU
		{D0A11F64-E4F0-4E53-9609-CD094ABD39CA}.Debug|Any CPU.ActiveCfg = Debug|Any CPU
		{D0A11F64-E4F0-4E53-9609-CD094ABD39CA}.Debug|Any CPU.Build.0 = Debug|Any CPU
		{D0A11F64-E4F0-4E53-9609-CD094ABD39CA}.Release|Any CPU.ActiveCfg = Release|Any CPU
		{D0A11F64-E4F0-4E53-9609-CD094ABD39CA}.Release|Any CPU.Build.0 = Release|Any CPU
		{21845DC9-9E1D-4ABB-9611-209BEC1CA827}.Debug|Any CPU.ActiveCfg = Debug|Any CPU
		{21845DC9-9E1D-4ABB-9611-209BEC1CA827}.Debug|Any CPU.Build.0 = Debug|Any CPU
		{21845DC9-9E1D-4ABB-9611-209BEC1CA827}.Release|Any CPU.ActiveCfg = Release|Any CPU
		{21845DC9-9E1D-4ABB-9611-209BEC1CA827}.Release|Any CPU.Build.0 = Release|Any CPU
		{127EACEC-1B5A-4481-9B4E-9EC662C3F698}.Debug|Any CPU.ActiveCfg = Debug|Any CPU
		{127EACEC-1B5A-4481-9B4E-9EC662C3F698}.Debug|Any CPU.Build.0 = Debug|Any CPU
		{127EACEC-1B5A-4481-9B4E-9EC662C3F698}.Release|Any CPU.ActiveCfg = Release|Any CPU
		{127EACEC-1B5A-4481-9B4E-9EC662C3F698}.Release|Any CPU.Build.0 = Release|Any CPU
		{82FD9138-BA83-4974-B449-5D45F3D16027}.Debug|Any CPU.ActiveCfg = Debug|Any CPU
		{82FD9138-BA83-4974-B449-5D45F3D16027}.Debug|Any CPU.Build.0 = Debug|Any CPU
		{82FD9138-BA83-4974-B449-5D45F3D16027}.Release|Any CPU.ActiveCfg = Release|Any CPU
		{82FD9138-BA83-4974-B449-5D45F3D16027}.Release|Any CPU.Build.0 = Release|Any CPU
		{A38018FC-47B1-40BF-8D7F-B8A2B115AD6E}.Debug|Any CPU.ActiveCfg = Debug|Any CPU
		{A38018FC-47B1-40BF-8D7F-B8A2B115AD6E}.Debug|Any CPU.Build.0 = Debug|Any CPU
		{A38018FC-47B1-40BF-8D7F-B8A2B115AD6E}.Release|Any CPU.ActiveCfg = Release|Any CPU
		{A38018FC-47B1-40BF-8D7F-B8A2B115AD6E}.Release|Any CPU.Build.0 = Release|Any CPU
		{B185D89E-F92B-4C62-B604-0773326A08C1}.Debug|Any CPU.ActiveCfg = Debug|Any CPU
		{B185D89E-F92B-4C62-B604-0773326A08C1}.Debug|Any CPU.Build.0 = Debug|Any CPU
		{B185D89E-F92B-4C62-B604-0773326A08C1}.Release|Any CPU.ActiveCfg = Release|Any CPU
		{B185D89E-F92B-4C62-B604-0773326A08C1}.Release|Any CPU.Build.0 = Release|Any CPU
		{AC375A87-9351-462E-8BE8-B92BCE763B97}.Debug|Any CPU.ActiveCfg = Debug|Any CPU
		{AC375A87-9351-462E-8BE8-B92BCE763B97}.Debug|Any CPU.Build.0 = Debug|Any CPU
		{AC375A87-9351-462E-8BE8-B92BCE763B97}.Release|Any CPU.ActiveCfg = Release|Any CPU
		{AC375A87-9351-462E-8BE8-B92BCE763B97}.Release|Any CPU.Build.0 = Release|Any CPU
		{5A44DD85-0349-4E2C-9E8C-D60A766328FB}.Debug|Any CPU.ActiveCfg = Debug|Any CPU
		{5A44DD85-0349-4E2C-9E8C-D60A766328FB}.Debug|Any CPU.Build.0 = Debug|Any CPU
		{5A44DD85-0349-4E2C-9E8C-D60A766328FB}.Release|Any CPU.ActiveCfg = Release|Any CPU
		{5A44DD85-0349-4E2C-9E8C-D60A766328FB}.Release|Any CPU.Build.0 = Release|Any CPU
		{B08AFC47-73FA-4E2A-BB77-A63A2913E4B6}.Debug|Any CPU.ActiveCfg = Debug|Any CPU
		{B08AFC47-73FA-4E2A-BB77-A63A2913E4B6}.Debug|Any CPU.Build.0 = Debug|Any CPU
		{B08AFC47-73FA-4E2A-BB77-A63A2913E4B6}.Release|Any CPU.ActiveCfg = Release|Any CPU
		{B08AFC47-73FA-4E2A-BB77-A63A2913E4B6}.Release|Any CPU.Build.0 = Release|Any CPU
		{46A64DE4-2761-474C-88AB-F838D609A4F6}.Debug|Any CPU.ActiveCfg = Debug|Any CPU
		{46A64DE4-2761-474C-88AB-F838D609A4F6}.Debug|Any CPU.Build.0 = Debug|Any CPU
		{46A64DE4-2761-474C-88AB-F838D609A4F6}.Release|Any CPU.ActiveCfg = Release|Any CPU
		{46A64DE4-2761-474C-88AB-F838D609A4F6}.Release|Any CPU.Build.0 = Release|Any CPU
		{5DD6AEE3-4A64-49CC-9341-B99A6F8CDD16}.Debug|Any CPU.ActiveCfg = Debug|Any CPU
		{5DD6AEE3-4A64-49CC-9341-B99A6F8CDD16}.Debug|Any CPU.Build.0 = Debug|Any CPU
		{5DD6AEE3-4A64-49CC-9341-B99A6F8CDD16}.Release|Any CPU.ActiveCfg = Release|Any CPU
		{5DD6AEE3-4A64-49CC-9341-B99A6F8CDD16}.Release|Any CPU.Build.0 = Release|Any CPU
	EndGlobalSection
	GlobalSection(SolutionProperties) = preSolution
		HideSolutionNode = FALSE
	EndGlobalSection
	GlobalSection(ExtensibilityGlobals) = postSolution
		SolutionGuid = {D0ED2ED0-5646-4B0F-AB8A-C50A4C836764}
	EndGlobalSection
EndGlobal
